// !$*UTF8*$!
{
	archiveVersion = 1;
	classes = {
	};
	objectVersion = 55;
	objects = {

/* Begin PBXBuildFile section */
		681D1F9A28D95C3000C8FB15 /* HeartListViewController.swift in Sources */ = {isa = PBXBuildFile; fileRef = 681D1F9928D95C3000C8FB15 /* HeartListViewController.swift */; };
		6884468F28D828F000286459 /* DetailDiaryViewController.swift in Sources */ = {isa = PBXBuildFile; fileRef = 6884468E28D828F000286459 /* DetailDiaryViewController.swift */; };
		68A5261028D47E440022ABDA /* AddDiaryViewController.swift in Sources */ = {isa = PBXBuildFile; fileRef = 68A5260F28D47E440022ABDA /* AddDiaryViewController.swift */; };
		68CDCE1428D2CE6100A9612F /* AppDelegate.swift in Sources */ = {isa = PBXBuildFile; fileRef = 68CDCE1328D2CE6100A9612F /* AppDelegate.swift */; };
		68CDCE1628D2CE6100A9612F /* SceneDelegate.swift in Sources */ = {isa = PBXBuildFile; fileRef = 68CDCE1528D2CE6100A9612F /* SceneDelegate.swift */; };
		68CDCE1828D2CE6100A9612F /* ViewController.swift in Sources */ = {isa = PBXBuildFile; fileRef = 68CDCE1728D2CE6100A9612F /* ViewController.swift */; };
		68CDCE1B28D2CE6100A9612F /* Main.storyboard in Resources */ = {isa = PBXBuildFile; fileRef = 68CDCE1928D2CE6100A9612F /* Main.storyboard */; };
		68CDCE1D28D2CE6400A9612F /* Assets.xcassets in Resources */ = {isa = PBXBuildFile; fileRef = 68CDCE1C28D2CE6400A9612F /* Assets.xcassets */; };
		68CDCE2028D2CE6400A9612F /* LaunchScreen.storyboard in Resources */ = {isa = PBXBuildFile; fileRef = 68CDCE1E28D2CE6400A9612F /* LaunchScreen.storyboard */; };
		68CDCE2828D4634600A9612F /* DiaryList.swift in Sources */ = {isa = PBXBuildFile; fileRef = 68CDCE2728D4634600A9612F /* DiaryList.swift */; };
/* End PBXBuildFile section */

/* Begin PBXFileReference section */
		681D1F9928D95C3000C8FB15 /* HeartListViewController.swift */ = {isa = PBXFileReference; lastKnownFileType = sourcecode.swift; path = HeartListViewController.swift; sourceTree = "<group>"; };
		6884468E28D828F000286459 /* DetailDiaryViewController.swift */ = {isa = PBXFileReference; lastKnownFileType = sourcecode.swift; path = DetailDiaryViewController.swift; sourceTree = "<group>"; };
		68A5260F28D47E440022ABDA /* AddDiaryViewController.swift */ = {isa = PBXFileReference; lastKnownFileType = sourcecode.swift; path = AddDiaryViewController.swift; sourceTree = "<group>"; };
		68CDCE1028D2CE6100A9612F /* simpleDiary.app */ = {isa = PBXFileReference; explicitFileType = wrapper.application; includeInIndex = 0; path = simpleDiary.app; sourceTree = BUILT_PRODUCTS_DIR; };
		68CDCE1328D2CE6100A9612F /* AppDelegate.swift */ = {isa = PBXFileReference; lastKnownFileType = sourcecode.swift; path = AppDelegate.swift; sourceTree = "<group>"; };
		68CDCE1528D2CE6100A9612F /* SceneDelegate.swift */ = {isa = PBXFileReference; lastKnownFileType = sourcecode.swift; path = SceneDelegate.swift; sourceTree = "<group>"; };
		68CDCE1728D2CE6100A9612F /* ViewController.swift */ = {isa = PBXFileReference; lastKnownFileType = sourcecode.swift; path = ViewController.swift; sourceTree = "<group>"; };
		68CDCE1A28D2CE6100A9612F /* Base */ = {isa = PBXFileReference; lastKnownFileType = file.storyboard; name = Base; path = Base.lproj/Main.storyboard; sourceTree = "<group>"; };
		68CDCE1C28D2CE6400A9612F /* Assets.xcassets */ = {isa = PBXFileReference; lastKnownFileType = folder.assetcatalog; path = Assets.xcassets; sourceTree = "<group>"; };
		68CDCE1F28D2CE6400A9612F /* Base */ = {isa = PBXFileReference; lastKnownFileType = file.storyboard; name = Base; path = Base.lproj/LaunchScreen.storyboard; sourceTree = "<group>"; };
		68CDCE2128D2CE6400A9612F /* Info.plist */ = {isa = PBXFileReference; lastKnownFileType = text.plist.xml; path = Info.plist; sourceTree = "<group>"; };
		68CDCE2728D4634600A9612F /* DiaryList.swift */ = {isa = PBXFileReference; lastKnownFileType = sourcecode.swift; path = DiaryList.swift; sourceTree = "<group>"; };
/* End PBXFileReference section */

/* Begin PBXFrameworksBuildPhase section */
		68CDCE0D28D2CE6100A9612F /* Frameworks */ = {
			isa = PBXFrameworksBuildPhase;
			buildActionMask = 2147483647;
			files = (
			);
			runOnlyForDeploymentPostprocessing = 0;
		};
/* End PBXFrameworksBuildPhase section */

/* Begin PBXGroup section */
		68CDCE0728D2CE6100A9612F = {
			isa = PBXGroup;
			children = (
				68CDCE1228D2CE6100A9612F /* simpleDiary */,
				68CDCE1128D2CE6100A9612F /* Products */,
			);
			sourceTree = "<group>";
		};
		68CDCE1128D2CE6100A9612F /* Products */ = {
			isa = PBXGroup;
			children = (
				68CDCE1028D2CE6100A9612F /* simpleDiary.app */,
			);
			name = Products;
			sourceTree = "<group>";
		};
		68CDCE1228D2CE6100A9612F /* simpleDiary */ = {
			isa = PBXGroup;
			children = (
				68CDCE1328D2CE6100A9612F /* AppDelegate.swift */,
				68CDCE1528D2CE6100A9612F /* SceneDelegate.swift */,
				68CDCE1728D2CE6100A9612F /* ViewController.swift */,
				68A5260F28D47E440022ABDA /* AddDiaryViewController.swift */,
				6884468E28D828F000286459 /* DetailDiaryViewController.swift */,
				681D1F9928D95C3000C8FB15 /* HeartListViewController.swift */,
				68CDCE2728D4634600A9612F /* DiaryList.swift */,
				68CDCE1928D2CE6100A9612F /* Main.storyboard */,
				68CDCE1C28D2CE6400A9612F /* Assets.xcassets */,
				68CDCE1E28D2CE6400A9612F /* LaunchScreen.storyboard */,
				68CDCE2128D2CE6400A9612F /* Info.plist */,
			);
			path = simpleDiary;
			sourceTree = "<group>";
		};
/* End PBXGroup section */

/* Begin PBXNativeTarget section */
		68CDCE0F28D2CE6100A9612F /* simpleDiary */ = {
			isa = PBXNativeTarget;
			buildConfigurationList = 68CDCE2428D2CE6400A9612F /* Build configuration list for PBXNativeTarget "simpleDiary" */;
			buildPhases = (
				68CDCE0C28D2CE6100A9612F /* Sources */,
				68CDCE0D28D2CE6100A9612F /* Frameworks */,
				68CDCE0E28D2CE6100A9612F /* Resources */,
			);
			buildRules = (
			);
			dependencies = (
			);
			name = simpleDiary;
			productName = simpleToDoList;
			productReference = 68CDCE1028D2CE6100A9612F /* simpleDiary.app */;
			productType = "com.apple.product-type.application";
		};
/* End PBXNativeTarget section */

/* Begin PBXProject section */
		68CDCE0828D2CE6100A9612F /* Project object */ = {
			isa = PBXProject;
			attributes = {
				BuildIndependentTargetsInParallel = 1;
				LastSwiftUpdateCheck = 1320;
				LastUpgradeCheck = 1320;
				TargetAttributes = {
					68CDCE0F28D2CE6100A9612F = {
						CreatedOnToolsVersion = 13.2.1;
					};
				};
			};
			buildConfigurationList = 68CDCE0B28D2CE6100A9612F /* Build configuration list for PBXProject "simpleDiary" */;
			compatibilityVersion = "Xcode 13.0";
			developmentRegion = en;
			hasScannedForEncodings = 0;
			knownRegions = (
				en,
				Base,
			);
			mainGroup = 68CDCE0728D2CE6100A9612F;
			productRefGroup = 68CDCE1128D2CE6100A9612F /* Products */;
			projectDirPath = "";
			projectRoot = "";
			targets = (
				68CDCE0F28D2CE6100A9612F /* simpleDiary */,
			);
		};
/* End PBXProject section */

/* Begin PBXResourcesBuildPhase section */
		68CDCE0E28D2CE6100A9612F /* Resources */ = {
			isa = PBXResourcesBuildPhase;
			buildActionMask = 2147483647;
			files = (
				68CDCE2028D2CE6400A9612F /* LaunchScreen.storyboard in Resources */,
				68CDCE1D28D2CE6400A9612F /* Assets.xcassets in Resources */,
				68CDCE1B28D2CE6100A9612F /* Main.storyboard in Resources */,
			);
			runOnlyForDeploymentPostprocessing = 0;
		};
/* End PBXResourcesBuildPhase section */

/* Begin PBXSourcesBuildPhase section */
		68CDCE0C28D2CE6100A9612F /* Sources */ = {
			isa = PBXSourcesBuildPhase;
			buildActionMask = 2147483647;
			files = (
				68CDCE1828D2CE6100A9612F /* ViewController.swift in Sources */,
				68CDCE1428D2CE6100A9612F /* AppDelegate.swift in Sources */,
				681D1F9A28D95C3000C8FB15 /* HeartListViewController.swift in Sources */,
				68CDCE1628D2CE6100A9612F /* SceneDelegate.swift in Sources */,
				68A5261028D47E440022ABDA /* AddDiaryViewController.swift in Sources */,
				68CDCE2828D4634600A9612F /* DiaryList.swift in Sources */,
				6884468F28D828F000286459 /* DetailDiaryViewController.swift in Sources */,
			);
			runOnlyForDeploymentPostprocessing = 0;
		};
/* End PBXSourcesBuildPhase section */

/* Begin PBXVariantGroup section */
		68CDCE1928D2CE6100A9612F /* Main.storyboard */ = {
			isa = PBXVariantGroup;
			children = (
				68CDCE1A28D2CE6100A9612F /* Base */,
			);
			name = Main.storyboard;
			sourceTree = "<group>";
		};
		68CDCE1E28D2CE6400A9612F /* LaunchScreen.storyboard */ = {
			isa = PBXVariantGroup;
			children = (
				68CDCE1F28D2CE6400A9612F /* Base */,
			);
			name = LaunchScreen.storyboard;
			sourceTree = "<group>";
		};
/* End PBXVariantGroup section */

/* Begin XCBuildConfiguration section */
		68CDCE2228D2CE6400A9612F /* Debug */ = {
			isa = XCBuildConfiguration;
			buildSettings = {
				ALWAYS_SEARCH_USER_PATHS = NO;
				CLANG_ANALYZER_NONNULL = YES;
				CLANG_ANALYZER_NUMBER_OBJECT_CONVERSION = YES_AGGRESSIVE;
				CLANG_CXX_LANGUAGE_STANDARD = "gnu++17";
				CLANG_CXX_LIBRARY = "libc++";
				CLANG_ENABLE_MODULES = YES;
				CLANG_ENABLE_OBJC_ARC = YES;
				CLANG_ENABLE_OBJC_WEAK = YES;
				CLANG_WARN_BLOCK_CAPTURE_AUTORELEASING = YES;
				CLANG_WARN_BOOL_CONVERSION = YES;
				CLANG_WARN_COMMA = YES;
				CLANG_WARN_CONSTANT_CONVERSION = YES;
				CLANG_WARN_DEPRECATED_OBJC_IMPLEMENTATIONS = YES;
				CLANG_WARN_DIRECT_OBJC_ISA_USAGE = YES_ERROR;
				CLANG_WARN_DOCUMENTATION_COMMENTS = YES;
				CLANG_WARN_EMPTY_BODY = YES;
				CLANG_WARN_ENUM_CONVERSION = YES;
				CLANG_WARN_INFINITE_RECURSION = YES;
				CLANG_WARN_INT_CONVERSION = YES;
				CLANG_WARN_NON_LITERAL_NULL_CONVERSION = YES;
				CLANG_WARN_OBJC_IMPLICIT_RETAIN_SELF = YES;
				CLANG_WARN_OBJC_LITERAL_CONVERSION = YES;
				CLANG_WARN_OBJC_ROOT_CLASS = YES_ERROR;
				CLANG_WARN_QUOTED_INCLUDE_IN_FRAMEWORK_HEADER = YES;
				CLANG_WARN_RANGE_LOOP_ANALYSIS = YES;
				CLANG_WARN_STRICT_PROTOTYPES = YES;
				CLANG_WARN_SUSPICIOUS_MOVE = YES;
				CLANG_WARN_UNGUARDED_AVAILABILITY = YES_AGGRESSIVE;
				CLANG_WARN_UNREACHABLE_CODE = YES;
				CLANG_WARN__DUPLICATE_METHOD_MATCH = YES;
				COPY_PHASE_STRIP = NO;
				DEBUG_INFORMATION_FORMAT = dwarf;
				ENABLE_STRICT_OBJC_MSGSEND = YES;
				ENABLE_TESTABILITY = YES;
				GCC_C_LANGUAGE_STANDARD = gnu11;
				GCC_DYNAMIC_NO_PIC = NO;
				GCC_NO_COMMON_BLOCKS = YES;
				GCC_OPTIMIZATION_LEVEL = 0;
				GCC_PREPROCESSOR_DEFINITIONS = (
					"DEBUG=1",
					"$(inherited)",
				);
				GCC_WARN_64_TO_32_BIT_CONVERSION = YES;
				GCC_WARN_ABOUT_RETURN_TYPE = YES_ERROR;
				GCC_WARN_UNDECLARED_SELECTOR = YES;
				GCC_WARN_UNINITIALIZED_AUTOS = YES_AGGRESSIVE;
				GCC_WARN_UNUSED_FUNCTION = YES;
				GCC_WARN_UNUSED_VARIABLE = YES;
				IPHONEOS_DEPLOYMENT_TARGET = 15.2;
				MTL_ENABLE_DEBUG_INFO = INCLUDE_SOURCE;
				MTL_FAST_MATH = YES;
				ONLY_ACTIVE_ARCH = YES;
				SDKROOT = iphoneos;
				SWIFT_ACTIVE_COMPILATION_CONDITIONS = DEBUG;
				SWIFT_OPTIMIZATION_LEVEL = "-Onone";
			};
			name = Debug;
		};
		68CDCE2328D2CE6400A9612F /* Release */ = {
			isa = XCBuildConfiguration;
			buildSettings = {
				ALWAYS_SEARCH_USER_PATHS = NO;
				CLANG_ANALYZER_NONNULL = YES;
				CLANG_ANALYZER_NUMBER_OBJECT_CONVERSION = YES_AGGRESSIVE;
				CLANG_CXX_LANGUAGE_STANDARD = "gnu++17";
				CLANG_CXX_LIBRARY = "libc++";
				CLANG_ENABLE_MODULES = YES;
				CLANG_ENABLE_OBJC_ARC = YES;
				CLANG_ENABLE_OBJC_WEAK = YES;
				CLANG_WARN_BLOCK_CAPTURE_AUTORELEASING = YES;
				CLANG_WARN_BOOL_CONVERSION = YES;
				CLANG_WARN_COMMA = YES;
				CLANG_WARN_CONSTANT_CONVERSION = YES;
				CLANG_WARN_DEPRECATED_OBJC_IMPLEMENTATIONS = YES;
				CLANG_WARN_DIRECT_OBJC_ISA_USAGE = YES_ERROR;
				CLANG_WARN_DOCUMENTATION_COMMENTS = YES;
				CLANG_WARN_EMPTY_BODY = YES;
				CLANG_WARN_ENUM_CONVERSION = YES;
				CLANG_WARN_INFINITE_RECURSION = YES;
				CLANG_WARN_INT_CONVERSION = YES;
				CLANG_WARN_NON_LITERAL_NULL_CONVERSION = YES;
				CLANG_WARN_OBJC_IMPLICIT_RETAIN_SELF = YES;
				CLANG_WARN_OBJC_LITERAL_CONVERSION = YES;
				CLANG_WARN_OBJC_ROOT_CLASS = YES_ERROR;
				CLANG_WARN_QUOTED_INCLUDE_IN_FRAMEWORK_HEADER = YES;
				CLANG_WARN_RANGE_LOOP_ANALYSIS = YES;
				CLANG_WARN_STRICT_PROTOTYPES = YES;
				CLANG_WARN_SUSPICIOUS_MOVE = YES;
				CLANG_WARN_UNGUARDED_AVAILABILITY = YES_AGGRESSIVE;
				CLANG_WARN_UNREACHABLE_CODE = YES;
				CLANG_WARN__DUPLICATE_METHOD_MATCH = YES;
				COPY_PHASE_STRIP = NO;
				DEBUG_INFORMATION_FORMAT = "dwarf-with-dsym";
				ENABLE_NS_ASSERTIONS = NO;
				ENABLE_STRICT_OBJC_MSGSEND = YES;
				GCC_C_LANGUAGE_STANDARD = gnu11;
				GCC_NO_COMMON_BLOCKS = YES;
				GCC_WARN_64_TO_32_BIT_CONVERSION = YES;
				GCC_WARN_ABOUT_RETURN_TYPE = YES_ERROR;
				GCC_WARN_UNDECLARED_SELECTOR = YES;
				GCC_WARN_UNINITIALIZED_AUTOS = YES_AGGRESSIVE;
				GCC_WARN_UNUSED_FUNCTION = YES;
				GCC_WARN_UNUSED_VARIABLE = YES;
				IPHONEOS_DEPLOYMENT_TARGET = 15.2;
				MTL_ENABLE_DEBUG_INFO = NO;
				MTL_FAST_MATH = YES;
				SDKROOT = iphoneos;
				SWIFT_COMPILATION_MODE = wholemodule;
				SWIFT_OPTIMIZATION_LEVEL = "-O";
				VALIDATE_PRODUCT = YES;
			};
			name = Release;
		};
		68CDCE2528D2CE6400A9612F /* Debug */ = {
			isa = XCBuildConfiguration;
			buildSettings = {
				ASSETCATALOG_COMPILER_APPICON_NAME = AppIcon;
				ASSETCATALOG_COMPILER_GLOBAL_ACCENT_COLOR_NAME = AccentColor;
				CODE_SIGN_STYLE = Automatic;
				CURRENT_PROJECT_VERSION = 1;
				GENERATE_INFOPLIST_FILE = YES;
				INFOPLIST_FILE = simpleDiary/Info.plist;
				INFOPLIST_KEY_UIApplicationSupportsIndirectInputEvents = YES;
				INFOPLIST_KEY_UILaunchStoryboardName = LaunchScreen;
				INFOPLIST_KEY_UIMainStoryboardFile = Main;
				INFOPLIST_KEY_UISupportedInterfaceOrientations_iPad = "UIInterfaceOrientationPortrait UIInterfaceOrientationPortraitUpsideDown UIInterfaceOrientationLandscapeLeft UIInterfaceOrientationLandscapeRight";
				INFOPLIST_KEY_UISupportedInterfaceOrientations_iPhone = "UIInterfaceOrientationPortrait UIInterfaceOrientationLandscapeLeft UIInterfaceOrientationLandscapeRight";
				LD_RUNPATH_SEARCH_PATHS = (
					"$(inherited)",
					"@executable_path/Frameworks",
				);
				MARKETING_VERSION = 1.0;
				PRODUCT_BUNDLE_IDENTIFIER = yejGreat.simpleDiary;
				PRODUCT_NAME = "$(TARGET_NAME)";
				SWIFT_EMIT_LOC_STRINGS = YES;
				SWIFT_VERSION = 5.0;
				TARGETED_DEVICE_FAMILY = "1,2";
			};
			name = Debug;
		};
		68CDCE2628D2CE6400A9612F /* Release */ = {
			isa = XCBuildConfiguration;
			buildSettings = {
				ASSETCATALOG_COMPILER_APPICON_NAME = AppIcon;
				ASSETCATALOG_COMPILER_GLOBAL_ACCENT_COLOR_NAME = AccentColor;
				CODE_SIGN_STYLE = Automatic;
				CURRENT_PROJECT_VERSION = 1;
				GENERATE_INFOPLIST_FILE = YES;
				INFOPLIST_FILE = simpleDiary/Info.plist;
				INFOPLIST_KEY_UIApplicationSupportsIndirectInputEvents = YES;
				INFOPLIST_KEY_UILaunchStoryboardName = LaunchScreen;
				INFOPLIST_KEY_UIMainStoryboardFile = Main;
				INFOPLIST_KEY_UISupportedInterfaceOrientations_iPad = "UIInterfaceOrientationPortrait UIInterfaceOrientationPortraitUpsideDown UIInterfaceOrientationLandscapeLeft UIInterfaceOrientationLandscapeRight";
				INFOPLIST_KEY_UISupportedInterfaceOrientations_iPhone = "UIInterfaceOrientationPortrait UIInterfaceOrientationLandscapeLeft UIInterfaceOrientationLandscapeRight";
				LD_RUNPATH_SEARCH_PATHS = (
					"$(inherited)",
					"@executable_path/Frameworks",
				);
				MARKETING_VERSION = 1.0;
				PRODUCT_BUNDLE_IDENTIFIER = yejGreat.simpleDiary;
				PRODUCT_NAME = "$(TARGET_NAME)";
				SWIFT_EMIT_LOC_STRINGS = YES;
				SWIFT_VERSION = 5.0;
				TARGETED_DEVICE_FAMILY = "1,2";
			};
			name = Release;
		};
/* End XCBuildConfiguration section */

/* Begin XCConfigurationList section */
		68CDCE0B28D2CE6100A9612F /* Build configuration list for PBXProject "simpleDiary" */ = {
			isa = XCConfigurationList;
			buildConfigurations = (
				68CDCE2228D2CE6400A9612F /* Debug */,
				68CDCE2328D2CE6400A9612F /* Release */,
			);
			defaultConfigurationIsVisible = 0;
			defaultConfigurationName = Release;
		};
		68CDCE2428D2CE6400A9612F /* Build configuration list for PBXNativeTarget "simpleDiary" */ = {
			isa = XCConfigurationList;
			buildConfigurations = (
				68CDCE2528D2CE6400A9612F /* Debug */,
				68CDCE2628D2CE6400A9612F /* Release */,
			);
			defaultConfigurationIsVisible = 0;
			defaultConfigurationName = Release;
		};
/* End XCConfigurationList section */
	};
	rootObject = 68CDCE0828D2CE6100A9612F /* Project object */;
}
